
Microsoft Visual Studio Solution File, Format Version 12.00
# Visual Studio 15
VisualStudioVersion = 15.0.27130.2027
MinimumVisualStudioVersion = 10.0.40219.1
Project("{8BC9CEB8-8B4A-11D0-8D11-00A0C91BC942}") = "Project 2 Bonus", "Project 2 Bonus.vcxproj", "{6DF609EC-D973-4791-B9BD-56F251FC0AC2}"
EndProject
Global
	GlobalSection(SolutionConfigurationPlatforms) = preSolution
		Debug|x64 = Debug|x64
		Debug|x86 = Debug|x86
		Release|x64 = Release|x64
		Release|x86 = Release|x86
	EndGlobalSection
	GlobalSection(ProjectConfigurationPlatforms) = postSolution
		{6DF609EC-D973-4791-B9BD-56F251FC0AC2}.Debug|x64.ActiveCfg = Debug|x64
		{6DF609EC-D973-4791-B9BD-56F251FC0AC2}.Debug|x64.Build.0 = Debug|x64
		{6DF609EC-D973-4791-B9BD-56F251FC0AC2}.Debug|x86.ActiveCfg = Debug|Win32
		{6DF609EC-D973-4791-B9BD-56F251FC0AC2}.Debug|x86.Build.0 = Debug|Win32
		{6DF609EC-D973-4791-B9BD-56F251FC0AC2}.Release|x64.ActiveCfg = Release|x64
		{6DF609EC-D973-4791-B9BD-56F251FC0AC2}.Release|x64.Build.0 = Release|x64
		{6DF609EC-D973-4791-B9BD-56F251FC0AC2}.Release|x86.ActiveCfg = Release|Win32
		{6DF609EC-D973-4791-B9BD-56F251FC0AC2}.Release|x86.Build.0 = Release|Win32
	EndGlobalSection
	GlobalSection(SolutionProperties) = preSolution
		HideSolutionNode = FALSE
	EndGlobalSection
	GlobalSection(ExtensibilityGlobals) = postSolution
		SolutionGuid = {E9A31AC2-FCB8-4028-AF17-109B37E8B36E}
	EndGlobalSection
EndGlobal
